
Microsoft Visual Studio Solution File, Format Version 12.00
# Visual Studio 2017
Project("{FAE04EC0-301F-11D3-BF4B-00C04F79EFBC}") = "LastChance", "LastChance.csproj", "{F17C9EA8-9669-C937-7678-71327D1EAF1F}"
EndProject
Project("{FAE04EC0-301F-11D3-BF4B-00C04F79EFBC}") = "LastChance.Editor", "LastChance.Editor.csproj", "{6523A218-42AA-F327-2E30-A022C6D8A1A3}"
EndProject
Global
	GlobalSection(SolutionConfigurationPlatforms) = preSolution
		Debug|Any CPU = Debug|Any CPU
		Release|Any CPU = Release|Any CPU
	EndGlobalSection
	GlobalSection(ProjectConfigurationPlatforms) = postSolution
		{F17C9EA8-9669-C937-7678-71327D1EAF1F}.Debug|Any CPU.ActiveCfg = Debug|Any CPU
		{F17C9EA8-9669-C937-7678-71327D1EAF1F}.Debug|Any CPU.Build.0 = Debug|Any CPU
		{F17C9EA8-9669-C937-7678-71327D1EAF1F}.Release|Any CPU.ActiveCfg = Release|Any CPU
		{F17C9EA8-9669-C937-7678-71327D1EAF1F}.Release|Any CPU.Build.0 = Release|Any CPU
		{6523A218-42AA-F327-2E30-A022C6D8A1A3}.Debug|Any CPU.ActiveCfg = Debug|Any CPU
		{6523A218-42AA-F327-2E30-A022C6D8A1A3}.Debug|Any CPU.Build.0 = Debug|Any CPU
		{6523A218-42AA-F327-2E30-A022C6D8A1A3}.Release|Any CPU.ActiveCfg = Release|Any CPU
		{6523A218-42AA-F327-2E30-A022C6D8A1A3}.Release|Any CPU.Build.0 = Release|Any CPU
	EndGlobalSection
	GlobalSection(SolutionProperties) = preSolution
		HideSolutionNode = FALSE
	EndGlobalSection
EndGlobal
